<?xml version="1.0" encoding="utf-8"?>
<Project ToolsVersion="4.0" xmlns="http://schemas.microsoft.com/developer/msbuild/2003">
  <ItemGroup>
    <Filter Include="Global to all extensions">
      <UniqueIdentifier>{36081abd-dfd6-48c8-ba91-b4abd00c6132}</UniqueIdentifier>
    </Filter>
  </ItemGroup>
  <ItemGroup>
    <ClInclude Include="..\Inc\Android\MMFAndroidMasterHeader.h">
      <Filter>Global to all extensions</Filter>
    </ClInclude>
  </ItemGroup>
</Project>