<?xml version="1.0" encoding="utf-8"?>
<Project ToolsVersion="4.0" xmlns="http://schemas.microsoft.com/developer/msbuild/2003">
  <ItemGroup>
    <Filter Include="Global to all extensions">
      <UniqueIdentifier>{64cea48d-e3e4-4570-9d47-3aaab453c133}</UniqueIdentifier>
    </Filter>
    <Filter Include="Global to all extensions\Edif">
      <UniqueIdentifier>{b83fbded-572c-421f-b09a-0dba7e3556bf}</UniqueIdentifier>
    </Filter>
    <Filter Include="Global to all extensions\Edif\JSON">
      <UniqueIdentifier>{2de7e019-4211-4c50-870c-8e2c7881769f}</UniqueIdentifier>
    </Filter>
    <Filter Include="ACE">
      <UniqueIdentifier>{4c05a595-3aac-494b-9fb0-c9af9ca924ed}</UniqueIdentifier>
    </Filter>
    <Filter Include="Misc">
      <UniqueIdentifier>{231176c9-51b8-40a0-93ac-94d591b0139e}</UniqueIdentifier>
    </Filter>
  </ItemGroup>
  <ItemGroup>
    <ClInclude Include="$(MSBuildThisFileDirectory)..\Inc\Shared\DarkEdif.h">
      <Filter>Global to all extensions\Edif</Filter>
    </ClInclude>
    <ClInclude Include="$(MSBuildThisFileDirectory)..\Inc\Shared\Edif.h">
      <Filter>Global to all extensions\Edif</Filter>
    </ClInclude>
    <ClInclude Include="$(MSBuildThisFileDirectory)..\Inc\Shared\ObjectSelection.h">
      <Filter>Global to all extensions</Filter>
    </ClInclude>
    <ClInclude Include="$(MSBuildThisFileDirectory)..\Inc\Shared\json.hpp">
      <Filter>Global to all extensions\Edif\JSON</Filter>
    </ClInclude>
    <ClInclude Include="$(MSBuildThisFileDirectory)..\Inc\Shared\AllPlatformDefines.hpp">
      <Filter>Global to all extensions\Edif</Filter>
    </ClInclude>
    <ClInclude Include="$(MSBuildThisFileDirectory)..\Inc\Shared\NonWindowsDefines.hpp">
      <Filter>Global to all extensions\Edif</Filter>
    </ClInclude>
    <ClInclude Include="$(MSBuildThisFileDirectory)..\Inc\Shared\Strings.hpp">
      <Filter>Global to all extensions\Edif</Filter>
    </ClInclude>
    <ClInclude Include="$(MSBuildThisFileDirectory)Extension.h" />
    <ClInclude Include="$(MSBuildThisFileDirectory)Common.h">
      <Filter>Misc</Filter>
    </ClInclude>
    <ClInclude Include="$(MSBuildThisFileDirectory)..\Inc\Shared\FastNoiseLite.h">
      <Filter>Misc</Filter>
    </ClInclude>
    <ClInclude Include="$(MSBuildThisFileDirectory)Resource.h" />
  </ItemGroup>
  <ItemGroup>
    <ClCompile Include="$(MSBuildThisFileDirectory)..\Lib\Shared\DarkEdif.cpp">
      <Filter>Global to all extensions\Edif</Filter>
    </ClCompile>
    <ClCompile Include="$(MSBuildThisFileDirectory)..\Lib\Shared\Edif.cpp">
      <Filter>Global to all extensions\Edif</Filter>
    </ClCompile>
    <ClCompile Include="$(MSBuildThisFileDirectory)..\Lib\Shared\Edif.General.cpp">
      <Filter>Global to all extensions\Edif</Filter>
    </ClCompile>
    <ClCompile Include="$(MSBuildThisFileDirectory)..\Lib\Shared\Edif.Runtime.cpp">
      <Filter>Global to all extensions\Edif</Filter>
    </ClCompile>
    <ClCompile Include="$(MSBuildThisFileDirectory)..\Lib\Shared\ObjectSelection.cpp">
      <Filter>Global to all extensions</Filter>
    </ClCompile>
    <ClCompile Include="$(MSBuildThisFileDirectory)..\Lib\Shared\json.cpp">
      <Filter>Global to all extensions\Edif\JSON</Filter>
    </ClCompile>
    <ClCompile Include="$(MSBuildThisFileDirectory)Extension.cpp" />
    <ClCompile Include="$(MSBuildThisFileDirectory)Actions.cpp">
      <Filter>ACE</Filter>
    </ClCompile>
    <ClCompile Include="$(MSBuildThisFileDirectory)Conditions.cpp">
      <Filter>ACE</Filter>
    </ClCompile>
    <ClCompile Include="$(MSBuildThisFileDirectory)Expressions.cpp">
      <Filter>ACE</Filter>
    </ClCompile>
  </ItemGroup>
</Project>