
Microsoft Visual Studio Solution File, Format Version 12.00
# Visual Studio Version 17
VisualStudioVersion = 17.0.31903.59
MinimumVisualStudioVersion = 17.0.0.0
Project("{8BC9CEB8-8B4A-11D0-8D11-00A0C91BC942}") = "Noise.Windows", "Noise\Noise.Windows.vcxproj", "{0FC68544-B3E5-4632-9BBA-7A84EADFC38E}"
EndProject
Project("{8BC9CEB8-8B4A-11D0-8D11-00A0C91BC942}") = "Noise.Shared", "Noise\Noise.Shared.vcxitems", "{8002A7CE-24A0-4994-BDA4-2B208FA7D7C5}"
EndProject
Global
	GlobalSection(SharedMSBuildProjectFiles) = preSolution
		Noise\Noise.Shared.vcxitems*{0fc68544-b3e5-4632-9bba-7a84eadfc38e}*SharedItemsImports = 4
		Noise\Noise.Shared.vcxitems*{8002a7ce-24a0-4994-bda4-2b208fa7d7c5}*SharedItemsImports = 9
	EndGlobalSection
	GlobalSection(SolutionConfigurationPlatforms) = preSolution
		Debug Unicode|ARM = Debug Unicode|ARM
		Debug Unicode|ARM64 = Debug Unicode|ARM64
		Debug Unicode|x64 = Debug Unicode|x64
		Debug Unicode|x86 = Debug Unicode|x86
		Debug|ARM = Debug|ARM
		Debug|ARM64 = Debug|ARM64
		Debug|x64 = Debug|x64
		Debug|x86 = Debug|x86
		Edittime Unicode|ARM = Edittime Unicode|ARM
		Edittime Unicode|ARM64 = Edittime Unicode|ARM64
		Edittime Unicode|x64 = Edittime Unicode|x64
		Edittime Unicode|x86 = Edittime Unicode|x86
		Edittime|ARM = Edittime|ARM
		Edittime|ARM64 = Edittime|ARM64
		Edittime|x64 = Edittime|x64
		Edittime|x86 = Edittime|x86
		Runtime Unicode|ARM = Runtime Unicode|ARM
		Runtime Unicode|ARM64 = Runtime Unicode|ARM64
		Runtime Unicode|x64 = Runtime Unicode|x64
		Runtime Unicode|x86 = Runtime Unicode|x86
		Runtime|ARM = Runtime|ARM
		Runtime|ARM64 = Runtime|ARM64
		Runtime|x64 = Runtime|x64
		Runtime|x86 = Runtime|x86
	EndGlobalSection
	GlobalSection(ProjectConfigurationPlatforms) = postSolution
		{0FC68544-B3E5-4632-9BBA-7A84EADFC38E}.Debug Unicode|ARM.ActiveCfg = Debug Unicode|Win32
		{0FC68544-B3E5-4632-9BBA-7A84EADFC38E}.Debug Unicode|ARM.Build.0 = Debug Unicode|Win32
		{0FC68544-B3E5-4632-9BBA-7A84EADFC38E}.Debug Unicode|ARM64.ActiveCfg = Debug Unicode|Win32
		{0FC68544-B3E5-4632-9BBA-7A84EADFC38E}.Debug Unicode|ARM64.Build.0 = Debug Unicode|Win32
		{0FC68544-B3E5-4632-9BBA-7A84EADFC38E}.Debug Unicode|x64.ActiveCfg = Debug Unicode|Win32
		{0FC68544-B3E5-4632-9BBA-7A84EADFC38E}.Debug Unicode|x64.Build.0 = Debug Unicode|Win32
		{0FC68544-B3E5-4632-9BBA-7A84EADFC38E}.Debug Unicode|x86.ActiveCfg = Debug Unicode|Win32
		{0FC68544-B3E5-4632-9BBA-7A84EADFC38E}.Debug Unicode|x86.Build.0 = Debug Unicode|Win32
		{0FC68544-B3E5-4632-9BBA-7A84EADFC38E}.Debug|ARM.ActiveCfg = Debug|Win32
		{0FC68544-B3E5-4632-9BBA-7A84EADFC38E}.Debug|ARM.Build.0 = Debug|Win32
		{0FC68544-B3E5-4632-9BBA-7A84EADFC38E}.Debug|ARM64.ActiveCfg = Debug|Win32
		{0FC68544-B3E5-4632-9BBA-7A84EADFC38E}.Debug|ARM64.Build.0 = Debug|Win32
		{0FC68544-B3E5-4632-9BBA-7A84EADFC38E}.Debug|x64.ActiveCfg = Debug|Win32
		{0FC68544-B3E5-4632-9BBA-7A84EADFC38E}.Debug|x64.Build.0 = Debug|Win32
		{0FC68544-B3E5-4632-9BBA-7A84EADFC38E}.Debug|x86.ActiveCfg = Debug|Win32
		{0FC68544-B3E5-4632-9BBA-7A84EADFC38E}.Debug|x86.Build.0 = Debug|Win32
		{0FC68544-B3E5-4632-9BBA-7A84EADFC38E}.Edittime Unicode|ARM.ActiveCfg = Edittime Unicode|Win32
		{0FC68544-B3E5-4632-9BBA-7A84EADFC38E}.Edittime Unicode|ARM.Build.0 = Edittime Unicode|Win32
		{0FC68544-B3E5-4632-9BBA-7A84EADFC38E}.Edittime Unicode|ARM64.ActiveCfg = Edittime Unicode|Win32
		{0FC68544-B3E5-4632-9BBA-7A84EADFC38E}.Edittime Unicode|ARM64.Build.0 = Edittime Unicode|Win32
		{0FC68544-B3E5-4632-9BBA-7A84EADFC38E}.Edittime Unicode|x64.ActiveCfg = Edittime Unicode|Win32
		{0FC68544-B3E5-4632-9BBA-7A84EADFC38E}.Edittime Unicode|x64.Build.0 = Edittime Unicode|Win32
		{0FC68544-B3E5-4632-9BBA-7A84EADFC38E}.Edittime Unicode|x86.ActiveCfg = Edittime Unicode|Win32
		{0FC68544-B3E5-4632-9BBA-7A84EADFC38E}.Edittime Unicode|x86.Build.0 = Edittime Unicode|Win32
		{0FC68544-B3E5-4632-9BBA-7A84EADFC38E}.Edittime|ARM.ActiveCfg = Edittime|Win32
		{0FC68544-B3E5-4632-9BBA-7A84EADFC38E}.Edittime|ARM.Build.0 = Edittime|Win32
		{0FC68544-B3E5-4632-9BBA-7A84EADFC38E}.Edittime|ARM64.ActiveCfg = Edittime|Win32
		{0FC68544-B3E5-4632-9BBA-7A84EADFC38E}.Edittime|ARM64.Build.0 = Edittime|Win32
		{0FC68544-B3E5-4632-9BBA-7A84EADFC38E}.Edittime|x64.ActiveCfg = Edittime|Win32
		{0FC68544-B3E5-4632-9BBA-7A84EADFC38E}.Edittime|x64.Build.0 = Edittime|Win32
		{0FC68544-B3E5-4632-9BBA-7A84EADFC38E}.Edittime|x86.ActiveCfg = Edittime|Win32
		{0FC68544-B3E5-4632-9BBA-7A84EADFC38E}.Edittime|x86.Build.0 = Edittime|Win32
		{0FC68544-B3E5-4632-9BBA-7A84EADFC38E}.Runtime Unicode|ARM.ActiveCfg = Runtime Unicode|Win32
		{0FC68544-B3E5-4632-9BBA-7A84EADFC38E}.Runtime Unicode|ARM.Build.0 = Runtime Unicode|Win32
		{0FC68544-B3E5-4632-9BBA-7A84EADFC38E}.Runtime Unicode|ARM64.ActiveCfg = Runtime Unicode|Win32
		{0FC68544-B3E5-4632-9BBA-7A84EADFC38E}.Runtime Unicode|ARM64.Build.0 = Runtime Unicode|Win32
		{0FC68544-B3E5-4632-9BBA-7A84EADFC38E}.Runtime Unicode|x64.ActiveCfg = Runtime Unicode|Win32
		{0FC68544-B3E5-4632-9BBA-7A84EADFC38E}.Runtime Unicode|x64.Build.0 = Runtime Unicode|Win32
		{0FC68544-B3E5-4632-9BBA-7A84EADFC38E}.Runtime Unicode|x86.ActiveCfg = Runtime Unicode|Win32
		{0FC68544-B3E5-4632-9BBA-7A84EADFC38E}.Runtime Unicode|x86.Build.0 = Runtime Unicode|Win32
		{0FC68544-B3E5-4632-9BBA-7A84EADFC38E}.Runtime|ARM.ActiveCfg = Runtime|Win32
		{0FC68544-B3E5-4632-9BBA-7A84EADFC38E}.Runtime|ARM.Build.0 = Runtime|Win32
		{0FC68544-B3E5-4632-9BBA-7A84EADFC38E}.Runtime|ARM64.ActiveCfg = Runtime|Win32
		{0FC68544-B3E5-4632-9BBA-7A84EADFC38E}.Runtime|ARM64.Build.0 = Runtime|Win32
		{0FC68544-B3E5-4632-9BBA-7A84EADFC38E}.Runtime|x64.ActiveCfg = Runtime|Win32
		{0FC68544-B3E5-4632-9BBA-7A84EADFC38E}.Runtime|x64.Build.0 = Runtime|Win32
		{0FC68544-B3E5-4632-9BBA-7A84EADFC38E}.Runtime|x86.ActiveCfg = Runtime|Win32
		{0FC68544-B3E5-4632-9BBA-7A84EADFC38E}.Runtime|x86.Build.0 = Runtime|Win32
	EndGlobalSection
	GlobalSection(SolutionProperties) = preSolution
		HideSolutionNode = FALSE
	EndGlobalSection
	GlobalSection(ExtensibilityGlobals) = postSolution
		SolutionGuid = {4E3FD7B1-1173-4029-B105-9F6E195B597D}
	EndGlobalSection
EndGlobal
